
Microsoft Visual Studio Solution File, Format Version 12.00
# Visual Studio Version 17
VisualStudioVersion = 17.5.2.0
MinimumVisualStudioVersion = 10.0.40219.1
Project("{FAE04EC0-301F-11D3-BF4B-00C04F79EFBC}") = "Mojo.Shared", "Mojo.Shared\Mojo.Shared.csproj", "{1774CC62-9F89-9272-E5BE-3F59C8553147}"
EndProject
Project("{FAE04EC0-301F-11D3-BF4B-00C04F79EFBC}") = "Mojo.Web", "Mojo.Web\Mojo.Web.csproj", "{DD6D604D-AA49-0269-C7D1-8913563EFDF1}"
EndProject
Project("{2150E333-8FDC-42A3-9474-1A3956D46DE8}") = "Modules", "Modules", "{CA253913-39DE-BFD0-C9A3-4B7EC6FBDF17}"
EndProject
Project("{2150E333-8FDC-42A3-9474-1A3956D46DE8}") = "Blog", "Blog", "{04A29BAC-6908-ECD4-5BBA-227FA5EEC78E}"
EndProject
Project("{FAE04EC0-301F-11D3-BF4B-00C04F79EFBC}") = "Mojo.Modules.Blog", "Mojo.Modules.Blog\Mojo.Modules.Blog.csproj", "{9E93CD4F-9D30-48F1-BB6A-4E497E0E3078}"
EndProject
Project("{2150E333-8FDC-42A3-9474-1A3956D46DE8}") = "Forum", "Forum", "{C2633323-D3D8-5A34-9AD0-F2F4CC0FA297}"
EndProject
Project("{FAE04EC0-301F-11D3-BF4B-00C04F79EFBC}") = "Mojo.Modules.Forum", "Mojo.Modules.Forum\Mojo.Modules.Forum.csproj", "{702A4403-FEB1-49EC-83C9-22CBF8825CED}"
EndProject
Project("{FAE04EC0-301F-11D3-BF4B-00C04F79EFBC}") = "MojoPortal.Legacy", "MojoPortal.Legacy\MojoPortal.Legacy.csproj", "{67EFD812-A495-4E3D-90CB-CFAEB4A9EA07}"
EndProject
Project("{2150E333-8FDC-42A3-9474-1A3956D46DE8}") = "Identity", "Identity", "{60C71277-E2D0-420A-8C10-5FE6EAD04AA6}"
EndProject
Project("{2150E333-8FDC-42A3-9474-1A3956D46DE8}") = "SiteStructure", "SiteStructure", "{334A1784-B95A-4024-98DF-49379A3681FB}"
EndProject
Project("{FAE04EC0-301F-11D3-BF4B-00C04F79EFBC}") = "Mojo.Modules.Identity", "Mojo.Modules.Identity\Mojo.Modules.Identity.csproj", "{BAFA8BF5-E012-4205-AAFB-6DD112DE670F}"
EndProject
Project("{FAE04EC0-301F-11D3-BF4B-00C04F79EFBC}") = "Mojo.Modules.SiteStructure", "Mojo.Modules.SiteStructure\Mojo.Modules.SiteStructure.csproj", "{4B89074C-9B3D-4234-81BD-4283D4344DA4}"
EndProject
Project("{2150E333-8FDC-42A3-9474-1A3956D46DE8}") = "Notifications", "Notifications", "{B5A48094-8A4F-4D35-B9FA-974DF9E17045}"
EndProject
Project("{FAE04EC0-301F-11D3-BF4B-00C04F79EFBC}") = "Mojo.Modules.Notifications", "Mojo.Modules.Notifications\Mojo.Modules.Notifications.csproj", "{AB79BC8F-24FF-4379-910C-B118D9280596}"
EndProject
Global
	GlobalSection(SolutionConfigurationPlatforms) = preSolution
		Debug|Any CPU = Debug|Any CPU
		Debug|x64 = Debug|x64
		Debug|x86 = Debug|x86
		Release|Any CPU = Release|Any CPU
		Release|x64 = Release|x64
		Release|x86 = Release|x86
	EndGlobalSection
	GlobalSection(ProjectConfigurationPlatforms) = postSolution
		{1774CC62-9F89-9272-E5BE-3F59C8553147}.Debug|Any CPU.ActiveCfg = Debug|Any CPU
		{1774CC62-9F89-9272-E5BE-3F59C8553147}.Debug|Any CPU.Build.0 = Debug|Any CPU
		{1774CC62-9F89-9272-E5BE-3F59C8553147}.Debug|x64.ActiveCfg = Debug|Any CPU
		{1774CC62-9F89-9272-E5BE-3F59C8553147}.Debug|x64.Build.0 = Debug|Any CPU
		{1774CC62-9F89-9272-E5BE-3F59C8553147}.Debug|x86.ActiveCfg = Debug|Any CPU
		{1774CC62-9F89-9272-E5BE-3F59C8553147}.Debug|x86.Build.0 = Debug|Any CPU
		{1774CC62-9F89-9272-E5BE-3F59C8553147}.Release|Any CPU.ActiveCfg = Release|Any CPU
		{1774CC62-9F89-9272-E5BE-3F59C8553147}.Release|Any CPU.Build.0 = Release|Any CPU
		{1774CC62-9F89-9272-E5BE-3F59C8553147}.Release|x64.ActiveCfg = Release|Any CPU
		{1774CC62-9F89-9272-E5BE-3F59C8553147}.Release|x64.Build.0 = Release|Any CPU
		{1774CC62-9F89-9272-E5BE-3F59C8553147}.Release|x86.ActiveCfg = Release|Any CPU
		{1774CC62-9F89-9272-E5BE-3F59C8553147}.Release|x86.Build.0 = Release|Any CPU
		{DD6D604D-AA49-0269-C7D1-8913563EFDF1}.Debug|Any CPU.ActiveCfg = Debug|Any CPU
		{DD6D604D-AA49-0269-C7D1-8913563EFDF1}.Debug|Any CPU.Build.0 = Debug|Any CPU
		{DD6D604D-AA49-0269-C7D1-8913563EFDF1}.Debug|x64.ActiveCfg = Debug|Any CPU
		{DD6D604D-AA49-0269-C7D1-8913563EFDF1}.Debug|x64.Build.0 = Debug|Any CPU
		{DD6D604D-AA49-0269-C7D1-8913563EFDF1}.Debug|x86.ActiveCfg = Debug|Any CPU
		{DD6D604D-AA49-0269-C7D1-8913563EFDF1}.Debug|x86.Build.0 = Debug|Any CPU
		{DD6D604D-AA49-0269-C7D1-8913563EFDF1}.Release|Any CPU.ActiveCfg = Release|Any CPU
		{DD6D604D-AA49-0269-C7D1-8913563EFDF1}.Release|Any CPU.Build.0 = Release|Any CPU
		{DD6D604D-AA49-0269-C7D1-8913563EFDF1}.Release|x64.ActiveCfg = Release|Any CPU
		{DD6D604D-AA49-0269-C7D1-8913563EFDF1}.Release|x64.Build.0 = Release|Any CPU
		{DD6D604D-AA49-0269-C7D1-8913563EFDF1}.Release|x86.ActiveCfg = Release|Any CPU
		{DD6D604D-AA49-0269-C7D1-8913563EFDF1}.Release|x86.Build.0 = Release|Any CPU
		{9E93CD4F-9D30-48F1-BB6A-4E497E0E3078}.Debug|Any CPU.ActiveCfg = Debug|Any CPU
		{9E93CD4F-9D30-48F1-BB6A-4E497E0E3078}.Debug|Any CPU.Build.0 = Debug|Any CPU
		{9E93CD4F-9D30-48F1-BB6A-4E497E0E3078}.Debug|x64.ActiveCfg = Debug|Any CPU
		{9E93CD4F-9D30-48F1-BB6A-4E497E0E3078}.Debug|x64.Build.0 = Debug|Any CPU
		{9E93CD4F-9D30-48F1-BB6A-4E497E0E3078}.Debug|x86.ActiveCfg = Debug|Any CPU
		{9E93CD4F-9D30-48F1-BB6A-4E497E0E3078}.Debug|x86.Build.0 = Debug|Any CPU
		{9E93CD4F-9D30-48F1-BB6A-4E497E0E3078}.Release|Any CPU.ActiveCfg = Release|Any CPU
		{9E93CD4F-9D30-48F1-BB6A-4E497E0E3078}.Release|Any CPU.Build.0 = Release|Any CPU
		{9E93CD4F-9D30-48F1-BB6A-4E497E0E3078}.Release|x64.ActiveCfg = Release|Any CPU
		{9E93CD4F-9D30-48F1-BB6A-4E497E0E3078}.Release|x64.Build.0 = Release|Any CPU
		{9E93CD4F-9D30-48F1-BB6A-4E497E0E3078}.Release|x86.ActiveCfg = Release|Any CPU
		{9E93CD4F-9D30-48F1-BB6A-4E497E0E3078}.Release|x86.Build.0 = Release|Any CPU
		{702A4403-FEB1-49EC-83C9-22CBF8825CED}.Debug|Any CPU.ActiveCfg = Debug|Any CPU
		{702A4403-FEB1-49EC-83C9-22CBF8825CED}.Debug|Any CPU.Build.0 = Debug|Any CPU
		{702A4403-FEB1-49EC-83C9-22CBF8825CED}.Debug|x64.ActiveCfg = Debug|Any CPU
		{702A4403-FEB1-49EC-83C9-22CBF8825CED}.Debug|x64.Build.0 = Debug|Any CPU
		{702A4403-FEB1-49EC-83C9-22CBF8825CED}.Debug|x86.ActiveCfg = Debug|Any CPU
		{702A4403-FEB1-49EC-83C9-22CBF8825CED}.Debug|x86.Build.0 = Debug|Any CPU
		{702A4403-FEB1-49EC-83C9-22CBF8825CED}.Release|Any CPU.ActiveCfg = Release|Any CPU
		{702A4403-FEB1-49EC-83C9-22CBF8825CED}.Release|Any CPU.Build.0 = Release|Any CPU
		{702A4403-FEB1-49EC-83C9-22CBF8825CED}.Release|x64.ActiveCfg = Release|Any CPU
		{702A4403-FEB1-49EC-83C9-22CBF8825CED}.Release|x64.Build.0 = Release|Any CPU
		{702A4403-FEB1-49EC-83C9-22CBF8825CED}.Release|x86.ActiveCfg = Release|Any CPU
		{702A4403-FEB1-49EC-83C9-22CBF8825CED}.Release|x86.Build.0 = Release|Any CPU
		{67EFD812-A495-4E3D-90CB-CFAEB4A9EA07}.Debug|Any CPU.ActiveCfg = Debug|Any CPU
		{67EFD812-A495-4E3D-90CB-CFAEB4A9EA07}.Debug|Any CPU.Build.0 = Debug|Any CPU
		{67EFD812-A495-4E3D-90CB-CFAEB4A9EA07}.Debug|x64.ActiveCfg = Debug|Any CPU
		{67EFD812-A495-4E3D-90CB-CFAEB4A9EA07}.Debug|x64.Build.0 = Debug|Any CPU
		{67EFD812-A495-4E3D-90CB-CFAEB4A9EA07}.Debug|x86.ActiveCfg = Debug|Any CPU
		{67EFD812-A495-4E3D-90CB-CFAEB4A9EA07}.Debug|x86.Build.0 = Debug|Any CPU
		{67EFD812-A495-4E3D-90CB-CFAEB4A9EA07}.Release|Any CPU.ActiveCfg = Release|Any CPU
		{67EFD812-A495-4E3D-90CB-CFAEB4A9EA07}.Release|Any CPU.Build.0 = Release|Any CPU
		{67EFD812-A495-4E3D-90CB-CFAEB4A9EA07}.Release|x64.ActiveCfg = Release|Any CPU
		{67EFD812-A495-4E3D-90CB-CFAEB4A9EA07}.Release|x64.Build.0 = Release|Any CPU
		{67EFD812-A495-4E3D-90CB-CFAEB4A9EA07}.Release|x86.ActiveCfg = Release|Any CPU
		{67EFD812-A495-4E3D-90CB-CFAEB4A9EA07}.Release|x86.Build.0 = Release|Any CPU
		{BAFA8BF5-E012-4205-AAFB-6DD112DE670F}.Debug|Any CPU.ActiveCfg = Debug|Any CPU
		{BAFA8BF5-E012-4205-AAFB-6DD112DE670F}.Debug|Any CPU.Build.0 = Debug|Any CPU
		{BAFA8BF5-E012-4205-AAFB-6DD112DE670F}.Debug|x64.ActiveCfg = Debug|Any CPU
		{BAFA8BF5-E012-4205-AAFB-6DD112DE670F}.Debug|x64.Build.0 = Debug|Any CPU
		{BAFA8BF5-E012-4205-AAFB-6DD112DE670F}.Debug|x86.ActiveCfg = Debug|Any CPU
		{BAFA8BF5-E012-4205-AAFB-6DD112DE670F}.Debug|x86.Build.0 = Debug|Any CPU
		{BAFA8BF5-E012-4205-AAFB-6DD112DE670F}.Release|Any CPU.ActiveCfg = Release|Any CPU
		{BAFA8BF5-E012-4205-AAFB-6DD112DE670F}.Release|Any CPU.Build.0 = Release|Any CPU
		{BAFA8BF5-E012-4205-AAFB-6DD112DE670F}.Release|x64.ActiveCfg = Release|Any CPU
		{BAFA8BF5-E012-4205-AAFB-6DD112DE670F}.Release|x64.Build.0 = Release|Any CPU
		{BAFA8BF5-E012-4205-AAFB-6DD112DE670F}.Release|x86.ActiveCfg = Release|Any CPU
		{BAFA8BF5-E012-4205-AAFB-6DD112DE670F}.Release|x86.Build.0 = Release|Any CPU
		{4B89074C-9B3D-4234-81BD-4283D4344DA4}.Debug|Any CPU.ActiveCfg = Debug|Any CPU
		{4B89074C-9B3D-4234-81BD-4283D4344DA4}.Debug|Any CPU.Build.0 = Debug|Any CPU
		{4B89074C-9B3D-4234-81BD-4283D4344DA4}.Debug|x64.ActiveCfg = Debug|Any CPU
		{4B89074C-9B3D-4234-81BD-4283D4344DA4}.Debug|x64.Build.0 = Debug|Any CPU
		{4B89074C-9B3D-4234-81BD-4283D4344DA4}.Debug|x86.ActiveCfg = Debug|Any CPU
		{4B89074C-9B3D-4234-81BD-4283D4344DA4}.Debug|x86.Build.0 = Debug|Any CPU
		{4B89074C-9B3D-4234-81BD-4283D4344DA4}.Release|Any CPU.ActiveCfg = Release|Any CPU
		{4B89074C-9B3D-4234-81BD-4283D4344DA4}.Release|Any CPU.Build.0 = Release|Any CPU
		{4B89074C-9B3D-4234-81BD-4283D4344DA4}.Release|x64.ActiveCfg = Release|Any CPU
		{4B89074C-9B3D-4234-81BD-4283D4344DA4}.Release|x64.Build.0 = Release|Any CPU
		{4B89074C-9B3D-4234-81BD-4283D4344DA4}.Release|x86.ActiveCfg = Release|Any CPU
		{4B89074C-9B3D-4234-81BD-4283D4344DA4}.Release|x86.Build.0 = Release|Any CPU
		{AB79BC8F-24FF-4379-910C-B118D9280596}.Debug|Any CPU.ActiveCfg = Debug|Any CPU
		{AB79BC8F-24FF-4379-910C-B118D9280596}.Debug|Any CPU.Build.0 = Debug|Any CPU
		{AB79BC8F-24FF-4379-910C-B118D9280596}.Debug|x64.ActiveCfg = Debug|Any CPU
		{AB79BC8F-24FF-4379-910C-B118D9280596}.Debug|x64.Build.0 = Debug|Any CPU
		{AB79BC8F-24FF-4379-910C-B118D9280596}.Debug|x86.ActiveCfg = Debug|Any CPU
		{AB79BC8F-24FF-4379-910C-B118D9280596}.Debug|x86.Build.0 = Debug|Any CPU
		{AB79BC8F-24FF-4379-910C-B118D9280596}.Release|Any CPU.ActiveCfg = Release|Any CPU
		{AB79BC8F-24FF-4379-910C-B118D9280596}.Release|Any CPU.Build.0 = Release|Any CPU
		{AB79BC8F-24FF-4379-910C-B118D9280596}.Release|x64.ActiveCfg = Release|Any CPU
		{AB79BC8F-24FF-4379-910C-B118D9280596}.Release|x64.Build.0 = Release|Any CPU
		{AB79BC8F-24FF-4379-910C-B118D9280596}.Release|x86.ActiveCfg = Release|Any CPU
		{AB79BC8F-24FF-4379-910C-B118D9280596}.Release|x86.Build.0 = Release|Any CPU
	EndGlobalSection
	GlobalSection(SolutionProperties) = preSolution
		HideSolutionNode = FALSE
	EndGlobalSection
	GlobalSection(NestedProjects) = preSolution
		{04A29BAC-6908-ECD4-5BBA-227FA5EEC78E} = {CA253913-39DE-BFD0-C9A3-4B7EC6FBDF17}
		{9E93CD4F-9D30-48F1-BB6A-4E497E0E3078} = {04A29BAC-6908-ECD4-5BBA-227FA5EEC78E}
		{C2633323-D3D8-5A34-9AD0-F2F4CC0FA297} = {CA253913-39DE-BFD0-C9A3-4B7EC6FBDF17}
		{702A4403-FEB1-49EC-83C9-22CBF8825CED} = {C2633323-D3D8-5A34-9AD0-F2F4CC0FA297}
		{60C71277-E2D0-420A-8C10-5FE6EAD04AA6} = {CA253913-39DE-BFD0-C9A3-4B7EC6FBDF17}
		{334A1784-B95A-4024-98DF-49379A3681FB} = {CA253913-39DE-BFD0-C9A3-4B7EC6FBDF17}
		{BAFA8BF5-E012-4205-AAFB-6DD112DE670F} = {60C71277-E2D0-420A-8C10-5FE6EAD04AA6}
		{4B89074C-9B3D-4234-81BD-4283D4344DA4} = {334A1784-B95A-4024-98DF-49379A3681FB}
		{B5A48094-8A4F-4D35-B9FA-974DF9E17045} = {CA253913-39DE-BFD0-C9A3-4B7EC6FBDF17}
		{AB79BC8F-24FF-4379-910C-B118D9280596} = {B5A48094-8A4F-4D35-B9FA-974DF9E17045}
	EndGlobalSection
	GlobalSection(ExtensibilityGlobals) = postSolution
		SolutionGuid = {89A390D9-9761-4D09-938C-A16B41984A57}
	EndGlobalSection
EndGlobal
